
Microsoft Visual Studio Solution File, Format Version 12.00
# Visual Studio Version 17
VisualStudioVersion = 17.7.34202.233
MinimumVisualStudioVersion = 10.0.40219.1
Project("{FAE04EC0-301F-11D3-BF4B-00C04F79EFBC}") = "3 cooper vs", "3 cooper vs.csproj", "{89954BF2-659B-43CF-94C4-4A3F32FF0C67}"
EndProject
Global
	GlobalSection(SolutionConfigurationPlatforms) = preSolution
		Debug|Any CPU = Debug|Any CPU
		Release|Any CPU = Release|Any CPU
	EndGlobalSection
	GlobalSection(ProjectConfigurationPlatforms) = postSolution
		{89954BF2-659B-43CF-94C4-4A3F32FF0C67}.Debug|Any CPU.ActiveCfg = Debug|Any CPU
		{89954BF2-659B-43CF-94C4-4A3F32FF0C67}.Debug|Any CPU.Build.0 = Debug|Any CPU
		{89954BF2-659B-43CF-94C4-4A3F32FF0C67}.Release|Any CPU.ActiveCfg = Release|Any CPU
		{89954BF2-659B-43CF-94C4-4A3F32FF0C67}.Release|Any CPU.Build.0 = Release|Any CPU
	EndGlobalSection
	GlobalSection(SolutionProperties) = preSolution
		HideSolutionNode = FALSE
	EndGlobalSection
	GlobalSection(ExtensibilityGlobals) = postSolution
		SolutionGuid = {D2F200B1-6335-4AC2-9082-50C6B5B0C164}
	EndGlobalSection
EndGlobal
