
Microsoft Visual Studio Solution File, Format Version 12.00
# Visual Studio Version 17
VisualStudioVersion = 17.7.34202.233
MinimumVisualStudioVersion = 10.0.40219.1
Project("{FAE04EC0-301F-11D3-BF4B-00C04F79EFBC}") = "practica #3", "practica #3.csproj", "{7B19C640-B2AA-4395-95CD-C1A6A4FE9AA1}"
EndProject
Global
	GlobalSection(SolutionConfigurationPlatforms) = preSolution
		Debug|Any CPU = Debug|Any CPU
		Release|Any CPU = Release|Any CPU
	EndGlobalSection
	GlobalSection(ProjectConfigurationPlatforms) = postSolution
		{7B19C640-B2AA-4395-95CD-C1A6A4FE9AA1}.Debug|Any CPU.ActiveCfg = Debug|Any CPU
		{7B19C640-B2AA-4395-95CD-C1A6A4FE9AA1}.Debug|Any CPU.Build.0 = Debug|Any CPU
		{7B19C640-B2AA-4395-95CD-C1A6A4FE9AA1}.Release|Any CPU.ActiveCfg = Release|Any CPU
		{7B19C640-B2AA-4395-95CD-C1A6A4FE9AA1}.Release|Any CPU.Build.0 = Release|Any CPU
	EndGlobalSection
	GlobalSection(SolutionProperties) = preSolution
		HideSolutionNode = FALSE
	EndGlobalSection
	GlobalSection(ExtensibilityGlobals) = postSolution
		SolutionGuid = {6F08C7B1-8275-41FB-87E0-DC2D77F4309C}
	EndGlobalSection
EndGlobal
